
Microsoft Visual Studio Solution File, Format Version 12.00
# Visual Studio 14
VisualStudioVersion = 14.0.24720.0
MinimumVisualStudioVersion = 10.0.40219.1
Project("{FAE04EC0-301F-11D3-BF4B-00C04F79EFBC}") = "XamLayout13", "XamLayout13.csproj", "{C638D8BA-2D30-4BC9-A651-4896572D188E}"
EndProject
Project("{FAE04EC0-301F-11D3-BF4B-00C04F79EFBC}") = "XamLayout13.Droid", "Droid\XamLayout13.Droid.csproj", "{D3AE1F6B-AEA3-4261-9412-022ECCC73440}"
EndProject
Global
	GlobalSection(SolutionConfigurationPlatforms) = preSolution
		Debug|Any CPU = Debug|Any CPU
		Release|Any CPU = Release|Any CPU
	EndGlobalSection
	GlobalSection(ProjectConfigurationPlatforms) = postSolution
		{C638D8BA-2D30-4BC9-A651-4896572D188E}.Debug|Any CPU.ActiveCfg = Debug|Any CPU
		{C638D8BA-2D30-4BC9-A651-4896572D188E}.Debug|Any CPU.Build.0 = Debug|Any CPU
		{C638D8BA-2D30-4BC9-A651-4896572D188E}.Release|Any CPU.ActiveCfg = Release|Any CPU
		{C638D8BA-2D30-4BC9-A651-4896572D188E}.Release|Any CPU.Build.0 = Release|Any CPU
		{D3AE1F6B-AEA3-4261-9412-022ECCC73440}.Debug|Any CPU.ActiveCfg = Debug|Any CPU
		{D3AE1F6B-AEA3-4261-9412-022ECCC73440}.Debug|Any CPU.Build.0 = Debug|Any CPU
		{D3AE1F6B-AEA3-4261-9412-022ECCC73440}.Debug|Any CPU.Deploy.0 = Debug|Any CPU
		{D3AE1F6B-AEA3-4261-9412-022ECCC73440}.Release|Any CPU.ActiveCfg = Release|Any CPU
		{D3AE1F6B-AEA3-4261-9412-022ECCC73440}.Release|Any CPU.Build.0 = Release|Any CPU
	EndGlobalSection
	GlobalSection(SolutionProperties) = preSolution
		HideSolutionNode = FALSE
	EndGlobalSection
EndGlobal
